
Microsoft Visual Studio Solution File, Format Version 12.00
# Visual Studio 14
VisualStudioVersion = 14.0.23107.0
MinimumVisualStudioVersion = 10.0.40219.1
Project("{FAE04EC0-301F-11D3-BF4B-00C04F79EFBC}") = "MonkeyCoder.Core", "MonkeyCoder.Core\MonkeyCoder.Core.csproj", "{D8E86779-1A67-4814-9704-BB9DEEB0BF0D}"
EndProject
Project("{FAE04EC0-301F-11D3-BF4B-00C04F79EFBC}") = "MonkeyCoder.Core.Tests", "MonkeyCoder.Core.Tests\MonkeyCoder.Core.Tests.csproj", "{AF3B29EF-B1BF-487A-8CDB-835148176571}"
EndProject
Project("{FAE04EC0-301F-11D3-BF4B-00C04F79EFBC}") = "MonkeyCoder.Math", "MonkeyCoder.Math\MonkeyCoder.Math.csproj", "{676B2DB0-5F88-4607-9C3B-0CFCB5BF8D13}"
EndProject
Project("{FAE04EC0-301F-11D3-BF4B-00C04F79EFBC}") = "MonkeyCoder.Math.Tests", "MonkeyCoder.Math.Tests\MonkeyCoder.Math.Tests.csproj", "{091DB2F7-9DBD-4225-B7F6-790A43650BCD}"
EndProject
Global
	GlobalSection(SolutionConfigurationPlatforms) = preSolution
		Debug|Any CPU = Debug|Any CPU
		Release|Any CPU = Release|Any CPU
	EndGlobalSection
	GlobalSection(ProjectConfigurationPlatforms) = postSolution
		{D8E86779-1A67-4814-9704-BB9DEEB0BF0D}.Debug|Any CPU.ActiveCfg = Debug|Any CPU
		{D8E86779-1A67-4814-9704-BB9DEEB0BF0D}.Debug|Any CPU.Build.0 = Debug|Any CPU
		{D8E86779-1A67-4814-9704-BB9DEEB0BF0D}.Release|Any CPU.ActiveCfg = Release|Any CPU
		{D8E86779-1A67-4814-9704-BB9DEEB0BF0D}.Release|Any CPU.Build.0 = Release|Any CPU
		{AF3B29EF-B1BF-487A-8CDB-835148176571}.Debug|Any CPU.ActiveCfg = Debug|Any CPU
		{AF3B29EF-B1BF-487A-8CDB-835148176571}.Debug|Any CPU.Build.0 = Debug|Any CPU
		{AF3B29EF-B1BF-487A-8CDB-835148176571}.Release|Any CPU.ActiveCfg = Release|Any CPU
		{AF3B29EF-B1BF-487A-8CDB-835148176571}.Release|Any CPU.Build.0 = Release|Any CPU
		{676B2DB0-5F88-4607-9C3B-0CFCB5BF8D13}.Debug|Any CPU.ActiveCfg = Debug|Any CPU
		{676B2DB0-5F88-4607-9C3B-0CFCB5BF8D13}.Debug|Any CPU.Build.0 = Debug|Any CPU
		{676B2DB0-5F88-4607-9C3B-0CFCB5BF8D13}.Release|Any CPU.ActiveCfg = Release|Any CPU
		{676B2DB0-5F88-4607-9C3B-0CFCB5BF8D13}.Release|Any CPU.Build.0 = Release|Any CPU
		{091DB2F7-9DBD-4225-B7F6-790A43650BCD}.Debug|Any CPU.ActiveCfg = Debug|Any CPU
		{091DB2F7-9DBD-4225-B7F6-790A43650BCD}.Debug|Any CPU.Build.0 = Debug|Any CPU
		{091DB2F7-9DBD-4225-B7F6-790A43650BCD}.Release|Any CPU.ActiveCfg = Release|Any CPU
		{091DB2F7-9DBD-4225-B7F6-790A43650BCD}.Release|Any CPU.Build.0 = Release|Any CPU
	EndGlobalSection
	GlobalSection(SolutionProperties) = preSolution
		HideSolutionNode = FALSE
	EndGlobalSection
EndGlobal
