
Microsoft Visual Studio Solution File, Format Version 12.00
# Visual Studio 14
VisualStudioVersion = 14.0.23107.0
MinimumVisualStudioVersion = 10.0.40219.1
Project("{FAE04EC0-301F-11D3-BF4B-00C04F79EFBC}") = "MonkeyCoder.Math", "MonkeyCoder.Math\MonkeyCoder.Math.csproj", "{676B2DB0-5F88-4607-9C3B-0CFCB5BF8D13}"
EndProject
Project("{FAE04EC0-301F-11D3-BF4B-00C04F79EFBC}") = "MonkeyCoder.Math.Tests", "MonkeyCoder.Math.Tests\MonkeyCoder.Math.Tests.csproj", "{091DB2F7-9DBD-4225-B7F6-790A43650BCD}"
EndProject
Project("{FAE04EC0-301F-11D3-BF4B-00C04F79EFBC}") = "MonkeyCoder.Variables.Tests", "MonkeyCoder.Variables.Tests\MonkeyCoder.Variables.Tests.csproj", "{7AC241C4-94B7-4496-82C1-5FAC6CEF92EE}"
EndProject
Project("{FAE04EC0-301F-11D3-BF4B-00C04F79EFBC}") = "MonkeyCoder.Variables", "MonkeyCoder.Variables\MonkeyCoder.Variables.csproj", "{1272A237-C536-4B69-9B5C-59E7A25ED2F8}"
EndProject
Project("{FAE04EC0-301F-11D3-BF4B-00C04F79EFBC}") = "MonkeyCoder.Functions", "MonkeyCoder.Functions\MonkeyCoder.Functions.csproj", "{E1976518-E492-491D-A66B-0DC941577C1F}"
EndProject
Project("{FAE04EC0-301F-11D3-BF4B-00C04F79EFBC}") = "MonkeyCoder.Functions.Tests", "MonkeyCoder.Functions.Tests\MonkeyCoder.Functions.Tests.csproj", "{2EE75E03-3F03-45C2-B067-17CBEF683948}"
EndProject
Project("{FAE04EC0-301F-11D3-BF4B-00C04F79EFBC}") = "TestHelpers", "TestHelpers\TestHelpers.csproj", "{CC8919BF-8F00-428B-9D7C-FEE5FD3A83FE}"
EndProject
Project("{FAE04EC0-301F-11D3-BF4B-00C04F79EFBC}") = "MonkeyCoder.PoC", "MonkeyCoder.PoC\MonkeyCoder.PoC.csproj", "{428C849C-43BD-4F35-A88D-EBE4319E47F2}"
EndProject
Project("{FAE04EC0-301F-11D3-BF4B-00C04F79EFBC}") = "MonkeyCoder.Functions.Reactive", "MonkeyCoder.Functions.Reactive\MonkeyCoder.Functions.Reactive.csproj", "{E7AE91BC-142F-4D3E-A871-F95AED53CB3E}"
EndProject
Project("{FAE04EC0-301F-11D3-BF4B-00C04F79EFBC}") = "MonkeyCoder.Functions.Reactive.Tests", "MonkeyCoder.Functions.Reactive.Tests\MonkeyCoder.Functions.Reactive.Tests.csproj", "{BC3E2B28-27D0-45AD-93E9-63C6D9AC3E16}"
EndProject
Global
	GlobalSection(SolutionConfigurationPlatforms) = preSolution
		Debug|Any CPU = Debug|Any CPU
		Release|Any CPU = Release|Any CPU
	EndGlobalSection
	GlobalSection(ProjectConfigurationPlatforms) = postSolution
		{676B2DB0-5F88-4607-9C3B-0CFCB5BF8D13}.Debug|Any CPU.ActiveCfg = Debug|Any CPU
		{676B2DB0-5F88-4607-9C3B-0CFCB5BF8D13}.Debug|Any CPU.Build.0 = Debug|Any CPU
		{676B2DB0-5F88-4607-9C3B-0CFCB5BF8D13}.Release|Any CPU.ActiveCfg = Release|Any CPU
		{676B2DB0-5F88-4607-9C3B-0CFCB5BF8D13}.Release|Any CPU.Build.0 = Release|Any CPU
		{091DB2F7-9DBD-4225-B7F6-790A43650BCD}.Debug|Any CPU.ActiveCfg = Debug|Any CPU
		{091DB2F7-9DBD-4225-B7F6-790A43650BCD}.Debug|Any CPU.Build.0 = Debug|Any CPU
		{091DB2F7-9DBD-4225-B7F6-790A43650BCD}.Release|Any CPU.ActiveCfg = Release|Any CPU
		{091DB2F7-9DBD-4225-B7F6-790A43650BCD}.Release|Any CPU.Build.0 = Release|Any CPU
		{7AC241C4-94B7-4496-82C1-5FAC6CEF92EE}.Debug|Any CPU.ActiveCfg = Debug|Any CPU
		{7AC241C4-94B7-4496-82C1-5FAC6CEF92EE}.Debug|Any CPU.Build.0 = Debug|Any CPU
		{7AC241C4-94B7-4496-82C1-5FAC6CEF92EE}.Release|Any CPU.ActiveCfg = Release|Any CPU
		{7AC241C4-94B7-4496-82C1-5FAC6CEF92EE}.Release|Any CPU.Build.0 = Release|Any CPU
		{1272A237-C536-4B69-9B5C-59E7A25ED2F8}.Debug|Any CPU.ActiveCfg = Debug|Any CPU
		{1272A237-C536-4B69-9B5C-59E7A25ED2F8}.Debug|Any CPU.Build.0 = Debug|Any CPU
		{1272A237-C536-4B69-9B5C-59E7A25ED2F8}.Release|Any CPU.ActiveCfg = Release|Any CPU
		{1272A237-C536-4B69-9B5C-59E7A25ED2F8}.Release|Any CPU.Build.0 = Release|Any CPU
		{E1976518-E492-491D-A66B-0DC941577C1F}.Debug|Any CPU.ActiveCfg = Debug|Any CPU
		{E1976518-E492-491D-A66B-0DC941577C1F}.Debug|Any CPU.Build.0 = Debug|Any CPU
		{E1976518-E492-491D-A66B-0DC941577C1F}.Release|Any CPU.ActiveCfg = Release|Any CPU
		{E1976518-E492-491D-A66B-0DC941577C1F}.Release|Any CPU.Build.0 = Release|Any CPU
		{2EE75E03-3F03-45C2-B067-17CBEF683948}.Debug|Any CPU.ActiveCfg = Debug|Any CPU
		{2EE75E03-3F03-45C2-B067-17CBEF683948}.Debug|Any CPU.Build.0 = Debug|Any CPU
		{2EE75E03-3F03-45C2-B067-17CBEF683948}.Release|Any CPU.ActiveCfg = Release|Any CPU
		{2EE75E03-3F03-45C2-B067-17CBEF683948}.Release|Any CPU.Build.0 = Release|Any CPU
		{CC8919BF-8F00-428B-9D7C-FEE5FD3A83FE}.Debug|Any CPU.ActiveCfg = Debug|Any CPU
		{CC8919BF-8F00-428B-9D7C-FEE5FD3A83FE}.Debug|Any CPU.Build.0 = Debug|Any CPU
		{CC8919BF-8F00-428B-9D7C-FEE5FD3A83FE}.Release|Any CPU.ActiveCfg = Release|Any CPU
		{CC8919BF-8F00-428B-9D7C-FEE5FD3A83FE}.Release|Any CPU.Build.0 = Release|Any CPU
		{428C849C-43BD-4F35-A88D-EBE4319E47F2}.Debug|Any CPU.ActiveCfg = Debug|Any CPU
		{428C849C-43BD-4F35-A88D-EBE4319E47F2}.Debug|Any CPU.Build.0 = Debug|Any CPU
		{428C849C-43BD-4F35-A88D-EBE4319E47F2}.Release|Any CPU.ActiveCfg = Release|Any CPU
		{428C849C-43BD-4F35-A88D-EBE4319E47F2}.Release|Any CPU.Build.0 = Release|Any CPU
		{E7AE91BC-142F-4D3E-A871-F95AED53CB3E}.Debug|Any CPU.ActiveCfg = Debug|Any CPU
		{E7AE91BC-142F-4D3E-A871-F95AED53CB3E}.Debug|Any CPU.Build.0 = Debug|Any CPU
		{E7AE91BC-142F-4D3E-A871-F95AED53CB3E}.Release|Any CPU.ActiveCfg = Release|Any CPU
		{E7AE91BC-142F-4D3E-A871-F95AED53CB3E}.Release|Any CPU.Build.0 = Release|Any CPU
		{BC3E2B28-27D0-45AD-93E9-63C6D9AC3E16}.Debug|Any CPU.ActiveCfg = Debug|Any CPU
		{BC3E2B28-27D0-45AD-93E9-63C6D9AC3E16}.Debug|Any CPU.Build.0 = Debug|Any CPU
		{BC3E2B28-27D0-45AD-93E9-63C6D9AC3E16}.Release|Any CPU.ActiveCfg = Release|Any CPU
		{BC3E2B28-27D0-45AD-93E9-63C6D9AC3E16}.Release|Any CPU.Build.0 = Release|Any CPU
	EndGlobalSection
	GlobalSection(SolutionProperties) = preSolution
		HideSolutionNode = FALSE
	EndGlobalSection
EndGlobal
